
Microsoft Visual Studio Solution File, Format Version 12.00
# Visual Studio Version 17
VisualStudioVersion = 17.4.33122.133
MinimumVisualStudioVersion = 10.0.40219.1
Project("{FAE04EC0-301F-11D3-BF4B-00C04F79EFBC}") = "FileCleanerWinService", "FileCleanerWinService\FileCleanerWinService.csproj", "{9F419710-96EB-4127-B4ED-AA92C569941E}"
EndProject
Global
	GlobalSection(SolutionConfigurationPlatforms) = preSolution
		Debug|Any CPU = Debug|Any CPU
		Release|Any CPU = Release|Any CPU
	EndGlobalSection
	GlobalSection(ProjectConfigurationPlatforms) = postSolution
		{9F419710-96EB-4127-B4ED-AA92C569941E}.Debug|Any CPU.ActiveCfg = Debug|Any CPU
		{9F419710-96EB-4127-B4ED-AA92C569941E}.Debug|Any CPU.Build.0 = Debug|Any CPU
		{9F419710-96EB-4127-B4ED-AA92C569941E}.Release|Any CPU.ActiveCfg = Release|Any CPU
		{9F419710-96EB-4127-B4ED-AA92C569941E}.Release|Any CPU.Build.0 = Release|Any CPU
	EndGlobalSection
	GlobalSection(SolutionProperties) = preSolution
		HideSolutionNode = FALSE
	EndGlobalSection
	GlobalSection(ExtensibilityGlobals) = postSolution
		SolutionGuid = {4C14BDB0-336C-4509-B64C-2932DD13D708}
	EndGlobalSection
EndGlobal
